
Microsoft Visual Studio Solution File, Format Version 12.00
# Visual Studio Version 17
VisualStudioVersion = 17.0.31903.59
MinimumVisualStudioVersion = 10.0.40219.1
Project("{FAE04EC0-301F-11D3-BF4B-00C04F79EFBC}") = "ApiJuros.Domain", "ApiJuros.Domain\ApiJuros.Domain.csproj", "{341C54AA-9A27-4F7D-A8C3-08CCC6AB91E1}"
EndProject
Project("{FAE04EC0-301F-11D3-BF4B-00C04F79EFBC}") = "ApiJuros.Application", "ApiJuros.Application\ApiJuros.Application.csproj", "{723D4455-352B-4CCD-9F3E-F72EC8BCB98C}"
EndProject
Project("{FAE04EC0-301F-11D3-BF4B-00C04F79EFBC}") = "ApiJuros.Infrastructure", "ApiJuros.Infrastructure\ApiJuros.Infrastructure.csproj", "{D005B016-02C8-4578-8DD4-4A855271F4ED}"
EndProject
Project("{FAE04EC0-301F-11D3-BF4B-00C04F79EFBC}") = "ApiJuros.Presentation", "ApiJuros.Presentation\ApiJuros.Presentation.csproj", "{982558A3-F04C-439F-BA50-1E83A5F6A1BA}"
EndProject
Project("{FAE04EC0-301F-11D3-BF4B-00C04F79EFBC}") = "ApiJurosTest.cs", "ApiJurosTest.cs\ApiJurosTest.cs.csproj", "{4DF9E7E6-4DCD-4DFD-A241-0A0509638231}"
EndProject
Global
	GlobalSection(SolutionConfigurationPlatforms) = preSolution
		Debug|Any CPU = Debug|Any CPU
		Debug|x64 = Debug|x64
		Debug|x86 = Debug|x86
		Release|Any CPU = Release|Any CPU
		Release|x64 = Release|x64
		Release|x86 = Release|x86
	EndGlobalSection
	GlobalSection(ProjectConfigurationPlatforms) = postSolution
		{341C54AA-9A27-4F7D-A8C3-08CCC6AB91E1}.Debug|Any CPU.ActiveCfg = Debug|Any CPU
		{341C54AA-9A27-4F7D-A8C3-08CCC6AB91E1}.Debug|Any CPU.Build.0 = Debug|Any CPU
		{341C54AA-9A27-4F7D-A8C3-08CCC6AB91E1}.Debug|x64.ActiveCfg = Debug|Any CPU
		{341C54AA-9A27-4F7D-A8C3-08CCC6AB91E1}.Debug|x64.Build.0 = Debug|Any CPU
		{341C54AA-9A27-4F7D-A8C3-08CCC6AB91E1}.Debug|x86.ActiveCfg = Debug|Any CPU
		{341C54AA-9A27-4F7D-A8C3-08CCC6AB91E1}.Debug|x86.Build.0 = Debug|Any CPU
		{341C54AA-9A27-4F7D-A8C3-08CCC6AB91E1}.Release|Any CPU.ActiveCfg = Release|Any CPU
		{341C54AA-9A27-4F7D-A8C3-08CCC6AB91E1}.Release|Any CPU.Build.0 = Release|Any CPU
		{341C54AA-9A27-4F7D-A8C3-08CCC6AB91E1}.Release|x64.ActiveCfg = Release|Any CPU
		{341C54AA-9A27-4F7D-A8C3-08CCC6AB91E1}.Release|x64.Build.0 = Release|Any CPU
		{341C54AA-9A27-4F7D-A8C3-08CCC6AB91E1}.Release|x86.ActiveCfg = Release|Any CPU
		{341C54AA-9A27-4F7D-A8C3-08CCC6AB91E1}.Release|x86.Build.0 = Release|Any CPU
		{723D4455-352B-4CCD-9F3E-F72EC8BCB98C}.Debug|Any CPU.ActiveCfg = Debug|Any CPU
		{723D4455-352B-4CCD-9F3E-F72EC8BCB98C}.Debug|Any CPU.Build.0 = Debug|Any CPU
		{723D4455-352B-4CCD-9F3E-F72EC8BCB98C}.Debug|x64.ActiveCfg = Debug|Any CPU
		{723D4455-352B-4CCD-9F3E-F72EC8BCB98C}.Debug|x64.Build.0 = Debug|Any CPU
		{723D4455-352B-4CCD-9F3E-F72EC8BCB98C}.Debug|x86.ActiveCfg = Debug|Any CPU
		{723D4455-352B-4CCD-9F3E-F72EC8BCB98C}.Debug|x86.Build.0 = Debug|Any CPU
		{723D4455-352B-4CCD-9F3E-F72EC8BCB98C}.Release|Any CPU.ActiveCfg = Release|Any CPU
		{723D4455-352B-4CCD-9F3E-F72EC8BCB98C}.Release|Any CPU.Build.0 = Release|Any CPU
		{723D4455-352B-4CCD-9F3E-F72EC8BCB98C}.Release|x64.ActiveCfg = Release|Any CPU
		{723D4455-352B-4CCD-9F3E-F72EC8BCB98C}.Release|x64.Build.0 = Release|Any CPU
		{723D4455-352B-4CCD-9F3E-F72EC8BCB98C}.Release|x86.ActiveCfg = Release|Any CPU
		{723D4455-352B-4CCD-9F3E-F72EC8BCB98C}.Release|x86.Build.0 = Release|Any CPU
		{D005B016-02C8-4578-8DD4-4A855271F4ED}.Debug|Any CPU.ActiveCfg = Debug|Any CPU
		{D005B016-02C8-4578-8DD4-4A855271F4ED}.Debug|Any CPU.Build.0 = Debug|Any CPU
		{D005B016-02C8-4578-8DD4-4A855271F4ED}.Debug|x64.ActiveCfg = Debug|Any CPU
		{D005B016-02C8-4578-8DD4-4A855271F4ED}.Debug|x64.Build.0 = Debug|Any CPU
		{D005B016-02C8-4578-8DD4-4A855271F4ED}.Debug|x86.ActiveCfg = Debug|Any CPU
		{D005B016-02C8-4578-8DD4-4A855271F4ED}.Debug|x86.Build.0 = Debug|Any CPU
		{D005B016-02C8-4578-8DD4-4A855271F4ED}.Release|Any CPU.ActiveCfg = Release|Any CPU
		{D005B016-02C8-4578-8DD4-4A855271F4ED}.Release|Any CPU.Build.0 = Release|Any CPU
		{D005B016-02C8-4578-8DD4-4A855271F4ED}.Release|x64.ActiveCfg = Release|Any CPU
		{D005B016-02C8-4578-8DD4-4A855271F4ED}.Release|x64.Build.0 = Release|Any CPU
		{D005B016-02C8-4578-8DD4-4A855271F4ED}.Release|x86.ActiveCfg = Release|Any CPU
		{D005B016-02C8-4578-8DD4-4A855271F4ED}.Release|x86.Build.0 = Release|Any CPU
		{982558A3-F04C-439F-BA50-1E83A5F6A1BA}.Debug|Any CPU.ActiveCfg = Debug|Any CPU
		{982558A3-F04C-439F-BA50-1E83A5F6A1BA}.Debug|Any CPU.Build.0 = Debug|Any CPU
		{982558A3-F04C-439F-BA50-1E83A5F6A1BA}.Debug|x64.ActiveCfg = Debug|Any CPU
		{982558A3-F04C-439F-BA50-1E83A5F6A1BA}.Debug|x64.Build.0 = Debug|Any CPU
		{982558A3-F04C-439F-BA50-1E83A5F6A1BA}.Debug|x86.ActiveCfg = Debug|Any CPU
		{982558A3-F04C-439F-BA50-1E83A5F6A1BA}.Debug|x86.Build.0 = Debug|Any CPU
		{982558A3-F04C-439F-BA50-1E83A5F6A1BA}.Release|Any CPU.ActiveCfg = Release|Any CPU
		{982558A3-F04C-439F-BA50-1E83A5F6A1BA}.Release|Any CPU.Build.0 = Release|Any CPU
		{982558A3-F04C-439F-BA50-1E83A5F6A1BA}.Release|x64.ActiveCfg = Release|Any CPU
		{982558A3-F04C-439F-BA50-1E83A5F6A1BA}.Release|x64.Build.0 = Release|Any CPU
		{982558A3-F04C-439F-BA50-1E83A5F6A1BA}.Release|x86.ActiveCfg = Release|Any CPU
		{982558A3-F04C-439F-BA50-1E83A5F6A1BA}.Release|x86.Build.0 = Release|Any CPU
		{4DF9E7E6-4DCD-4DFD-A241-0A0509638231}.Debug|Any CPU.ActiveCfg = Debug|Any CPU
		{4DF9E7E6-4DCD-4DFD-A241-0A0509638231}.Debug|Any CPU.Build.0 = Debug|Any CPU
		{4DF9E7E6-4DCD-4DFD-A241-0A0509638231}.Debug|x64.ActiveCfg = Debug|Any CPU
		{4DF9E7E6-4DCD-4DFD-A241-0A0509638231}.Debug|x64.Build.0 = Debug|Any CPU
		{4DF9E7E6-4DCD-4DFD-A241-0A0509638231}.Debug|x86.ActiveCfg = Debug|Any CPU
		{4DF9E7E6-4DCD-4DFD-A241-0A0509638231}.Debug|x86.Build.0 = Debug|Any CPU
		{4DF9E7E6-4DCD-4DFD-A241-0A0509638231}.Release|Any CPU.ActiveCfg = Release|Any CPU
		{4DF9E7E6-4DCD-4DFD-A241-0A0509638231}.Release|Any CPU.Build.0 = Release|Any CPU
		{4DF9E7E6-4DCD-4DFD-A241-0A0509638231}.Release|x64.ActiveCfg = Release|Any CPU
		{4DF9E7E6-4DCD-4DFD-A241-0A0509638231}.Release|x64.Build.0 = Release|Any CPU
		{4DF9E7E6-4DCD-4DFD-A241-0A0509638231}.Release|x86.ActiveCfg = Release|Any CPU
		{4DF9E7E6-4DCD-4DFD-A241-0A0509638231}.Release|x86.Build.0 = Release|Any CPU
	EndGlobalSection
	GlobalSection(SolutionProperties) = preSolution
		HideSolutionNode = FALSE
	EndGlobalSection
	GlobalSection(ExtensibilityGlobals) = postSolution
		SolutionGuid = {E05C4BA2-DEB8-4544-92C3-46138AA86882}
	EndGlobalSection
EndGlobal
